Microsoft Visual Studio Solution File, Format Version 9.00
# Visual Studio 2005
Project("{8BC9CEB8-8B4A-11D0-8D11-00A0C91BC942}") = "GLRThreadingExample", "GLRThreadingExample.2005.vcproj", "{02763F18-2B4F-434E-9AC8-DD1F917E77A8}"
EndProject
Global
	GlobalSection(SolutionConfigurationPlatforms) = preSolution
		Debug|Win32 = Debug|Win32
		Release|Win32 = Release|Win32
	EndGlobalSection
	GlobalSection(ProjectConfigurationPlatforms) = postSolution
		{02763F18-2B4F-434E-9AC8-DD1F917E77A8}.Debug|Win32.ActiveCfg = Debug|Win32
		{02763F18-2B4F-434E-9AC8-DD1F917E77A8}.Debug|Win32.Build.0 = Debug|Win32
		{02763F18-2B4F-434E-9AC8-DD1F917E77A8}.Release|Win32.ActiveCfg = Release|Win32
		{02763F18-2B4F-434E-9AC8-DD1F917E77A8}.Release|Win32.Build.0 = Release|Win32
	EndGlobalSection
	GlobalSection(SolutionProperties) = preSolution
		HideSolutionNode = FALSE
	EndGlobalSection
EndGlobal
