
Microsoft Visual Studio Solution File, Format Version 9.00
# Visual Studio 2005
Project("{8BC9CEB8-8B4A-11D0-8D11-00A0C91BC942}") = "DbgLib", "DbgLib\DbgLib.vcproj", "{5E06B00E-DAB1-41D2-81B6-B3D0A31B7E49}"
EndProject
Project("{8BC9CEB8-8B4A-11D0-8D11-00A0C91BC942}") = "DbgLibSample", "DbgLibSample\DbgLibSample.vcproj", "{5C4AA2AB-EFFE-489A-A41B-31518DA63BA7}"
	ProjectSection(ProjectDependencies) = postProject
		{5E06B00E-DAB1-41D2-81B6-B3D0A31B7E49} = {5E06B00E-DAB1-41D2-81B6-B3D0A31B7E49}
	EndProjectSection
EndProject
Global
	GlobalSection(SolutionConfigurationPlatforms) = preSolution
		Debug|Win32 = Debug|Win32
		Release|Win32 = Release|Win32
	EndGlobalSection
	GlobalSection(ProjectConfigurationPlatforms) = postSolution
		{5E06B00E-DAB1-41D2-81B6-B3D0A31B7E49}.Debug|Win32.ActiveCfg = Debug|Win32
		{5E06B00E-DAB1-41D2-81B6-B3D0A31B7E49}.Debug|Win32.Build.0 = Debug|Win32
		{5E06B00E-DAB1-41D2-81B6-B3D0A31B7E49}.Release|Win32.ActiveCfg = Release|Win32
		{5E06B00E-DAB1-41D2-81B6-B3D0A31B7E49}.Release|Win32.Build.0 = Release|Win32
		{5C4AA2AB-EFFE-489A-A41B-31518DA63BA7}.Debug|Win32.ActiveCfg = Debug|Win32
		{5C4AA2AB-EFFE-489A-A41B-31518DA63BA7}.Debug|Win32.Build.0 = Debug|Win32
		{5C4AA2AB-EFFE-489A-A41B-31518DA63BA7}.Release|Win32.ActiveCfg = Release|Win32
		{5C4AA2AB-EFFE-489A-A41B-31518DA63BA7}.Release|Win32.Build.0 = Release|Win32
	EndGlobalSection
	GlobalSection(SolutionProperties) = preSolution
		HideSolutionNode = FALSE
	EndGlobalSection
EndGlobal
