
Microsoft Visual Studio Solution File, Format Version 9.00
# Visual Studio 2005
Project("{8BC9CEB8-8B4A-11D0-8D11-00A0C91BC942}") = "SimServer", "SimServer.vcproj", "{3EF0F6DA-3B3E-4ACA-9C9B-BEC1A34FBE6B}"
EndProject
Global
	GlobalSection(SolutionConfigurationPlatforms) = preSolution
		Debug|Win32 = Debug|Win32
		Release|Win32 = Release|Win32
	EndGlobalSection
	GlobalSection(ProjectConfigurationPlatforms) = postSolution
		{3EF0F6DA-3B3E-4ACA-9C9B-BEC1A34FBE6B}.Debug|Win32.ActiveCfg = Debug|Win32
		{3EF0F6DA-3B3E-4ACA-9C9B-BEC1A34FBE6B}.Debug|Win32.Build.0 = Debug|Win32
		{3EF0F6DA-3B3E-4ACA-9C9B-BEC1A34FBE6B}.Release|Win32.ActiveCfg = Release|Win32
		{3EF0F6DA-3B3E-4ACA-9C9B-BEC1A34FBE6B}.Release|Win32.Build.0 = Release|Win32
	EndGlobalSection
	GlobalSection(SolutionProperties) = preSolution
		HideSolutionNode = FALSE
	EndGlobalSection
EndGlobal
