
Microsoft Visual Studio Solution File, Format Version 9.00
# Visual Studio 2005
Project("{8BC9CEB8-8B4A-11D0-8D11-00A0C91BC942}") = "OpticalFlow", "OpticalFlow.vcproj", "{A7D8DC47-2BB1-4360-9F2E-2C52FA88ABD0}"
EndProject
Global
	GlobalSection(SolutionConfigurationPlatforms) = preSolution
		Debug|Win32 = Debug|Win32
		Release|Win32 = Release|Win32
	EndGlobalSection
	GlobalSection(ProjectConfigurationPlatforms) = postSolution
		{A7D8DC47-2BB1-4360-9F2E-2C52FA88ABD0}.Debug|Win32.ActiveCfg = Debug|Win32
		{A7D8DC47-2BB1-4360-9F2E-2C52FA88ABD0}.Debug|Win32.Build.0 = Debug|Win32
		{A7D8DC47-2BB1-4360-9F2E-2C52FA88ABD0}.Release|Win32.ActiveCfg = Release|Win32
		{A7D8DC47-2BB1-4360-9F2E-2C52FA88ABD0}.Release|Win32.Build.0 = Release|Win32
	EndGlobalSection
	GlobalSection(SolutionProperties) = preSolution
		HideSolutionNode = FALSE
	EndGlobalSection
EndGlobal
