
Microsoft Visual Studio Solution File, Format Version 9.00
# Visual Studio 2005
Project("{8BC9CEB8-8B4A-11D0-8D11-00A0C91BC942}") = "TSemantics_VC8", "TSemantics_VC8.vcproj", "{1314370B-11FB-4C24-BD05-4BC8EAB4B778}"
EndProject
Global
	GlobalSection(SolutionConfigurationPlatforms) = preSolution
		Debug|Win32 = Debug|Win32
		Release|Win32 = Release|Win32
	EndGlobalSection
	GlobalSection(ProjectConfigurationPlatforms) = postSolution
		{1314370B-11FB-4C24-BD05-4BC8EAB4B778}.Debug|Win32.ActiveCfg = Debug|Win32
		{1314370B-11FB-4C24-BD05-4BC8EAB4B778}.Debug|Win32.Build.0 = Debug|Win32
		{1314370B-11FB-4C24-BD05-4BC8EAB4B778}.Release|Win32.ActiveCfg = Release|Win32
		{1314370B-11FB-4C24-BD05-4BC8EAB4B778}.Release|Win32.Build.0 = Release|Win32
	EndGlobalSection
	GlobalSection(SolutionProperties) = preSolution
		HideSolutionNode = FALSE
	EndGlobalSection
EndGlobal
